# php-bottle-pins.lock — version<TAB>cellar_version<TAB>bottle_sha256 (arm64_sequoia)
7.4	7.4.33	04536db1129aaf6964612455efc901feb81ffd17974d63b493b12c7e79897d8a
8.0	8.0.30	0b41bbfb9574a8b6f90164c4dadc1d1102de657dccb87b039d22821195538953
8.1	8.1.34	1692b3df179897af5159c9b603edb690d446a593a485e7b6cac0a0bb9bd66db8
8.2	8.2.31	bace42175447749b4a73f7cfbd50e439858aca3aa2d99d99d21a8acefa8b2e62
8.3	8.3.31	5eea6e88ae3cce11472102cc5864920751d72ab65161bfaf538d816cb5acee9b
8.4	8.4.22	29494c5ffb05ac7a2534014dbee38946e5b09a3a4ce52bcd663ac9691b9109b2
8.5	8.5.7	fc87ce379ad9a203a0ad0a1c9319e4369c800f3984c381c4eafb8fc418a02ccf
